// !$*UTF8*$!
{
	archiveVersion = 1;
	classes = {
	};
	objectVersion = 56;
	objects = {

/* Begin PBXBuildFile section */
		1426A3072B305F5C000F3300 /* StreamChatSwiftUI in Frameworks */ = {isa = PBXBuildFile; productRef = 1426A3062B305F5C000F3300 /* StreamChatSwiftUI */; };
		1426A3092B32ED54000F3300 /* StreamChatSwiftUI in Frameworks */ = {isa = PBXBuildFile; productRef = 1426A3082B32ED54000F3300 /* StreamChatSwiftUI */; };
		149F50752B28FEF60034584A /* ProfileView.swift in Sources */ = {isa = PBXBuildFile; fileRef = 149F50742B28FEF60034584A /* ProfileView.swift */; };
		149F507A2B2907450034584A /* MyServicesView.swift in Sources */ = {isa = PBXBuildFile; fileRef = 149F50792B2907450034584A /* MyServicesView.swift */; };
		149F507C2B2907510034584A /* ChatView.swift in Sources */ = {isa = PBXBuildFile; fileRef = 149F507B2B2907510034584A /* ChatView.swift */; };
		14A84BD12B28CD00006B3692 /* myserviceAppV1App.swift in Sources */ = {isa = PBXBuildFile; fileRef = 14A84BD02B28CD00006B3692 /* myserviceAppV1App.swift */; };
		14A84BD32B28CD00006B3692 /* ContentView.swift in Sources */ = {isa = PBXBuildFile; fileRef = 14A84BD22B28CD00006B3692 /* ContentView.swift */; };
		14A84BD52B28CD02006B3692 /* Assets.xcassets in Resources */ = {isa = PBXBuildFile; fileRef = 14A84BD42B28CD02006B3692 /* Assets.xcassets */; };
		14A84BD82B28CD02006B3692 /* Preview Assets.xcassets in Resources */ = {isa = PBXBuildFile; fileRef = 14A84BD72B28CD02006B3692 /* Preview Assets.xcassets */; };
		14A84BE22B28CD02006B3692 /* myserviceAppV1Tests.swift in Sources */ = {isa = PBXBuildFile; fileRef = 14A84BE12B28CD02006B3692 /* myserviceAppV1Tests.swift */; };
		14A84BEC2B28CD02006B3692 /* myserviceAppV1UITests.swift in Sources */ = {isa = PBXBuildFile; fileRef = 14A84BEB2B28CD02006B3692 /* myserviceAppV1UITests.swift */; };
		14A84BEE2B28CD02006B3692 /* myserviceAppV1UITestsLaunchTests.swift in Sources */ = {isa = PBXBuildFile; fileRef = 14A84BED2B28CD02006B3692 /* myserviceAppV1UITestsLaunchTests.swift */; };
		14A84BFC2B28CE0B006B3692 /* HomeView.swift in Sources */ = {isa = PBXBuildFile; fileRef = 14A84BFB2B28CE0B006B3692 /* HomeView.swift */; };
		14A84BFE2B28D067006B3692 /* Custom_Tab_View.swift in Sources */ = {isa = PBXBuildFile; fileRef = 14A84BFD2B28D067006B3692 /* Custom_Tab_View.swift */; };
/* End PBXBuildFile section */

/* Begin PBXContainerItemProxy section */
		14A84BDE2B28CD02006B3692 /* PBXContainerItemProxy */ = {
			isa = PBXContainerItemProxy;
			containerPortal = 14A84BC52B28CD00006B3692 /* Project object */;
			proxyType = 1;
			remoteGlobalIDString = 14A84BCC2B28CD00006B3692;
			remoteInfo = myserviceAppV1;
		};
		14A84BE82B28CD02006B3692 /* PBXContainerItemProxy */ = {
			isa = PBXContainerItemProxy;
			containerPortal = 14A84BC52B28CD00006B3692 /* Project object */;
			proxyType = 1;
			remoteGlobalIDString = 14A84BCC2B28CD00006B3692;
			remoteInfo = myserviceAppV1;
		};
/* End PBXContainerItemProxy section */

/* Begin PBXFileReference section */
		149F50742B28FEF60034584A /* ProfileView.swift */ = {isa = PBXFileReference; lastKnownFileType = sourcecode.swift; path = ProfileView.swift; sourceTree = "<group>"; };
		149F50792B2907450034584A /* MyServicesView.swift */ = {isa = PBXFileReference; lastKnownFileType = sourcecode.swift; path = MyServicesView.swift; sourceTree = "<group>"; };
		149F507B2B2907510034584A /* ChatView.swift */ = {isa = PBXFileReference; lastKnownFileType = sourcecode.swift; path = ChatView.swift; sourceTree = "<group>"; };
		14A84BCD2B28CD00006B3692 /* myserviceAppV1.app */ = {isa = PBXFileReference; explicitFileType = wrapper.application; includeInIndex = 0; path = myserviceAppV1.app; sourceTree = BUILT_PRODUCTS_DIR; };
		14A84BD02B28CD00006B3692 /* myserviceAppV1App.swift */ = {isa = PBXFileReference; lastKnownFileType = sourcecode.swift; path = myserviceAppV1App.swift; sourceTree = "<group>"; };
		14A84BD22B28CD00006B3692 /* ContentView.swift */ = {isa = PBXFileReference; lastKnownFileType = sourcecode.swift; path = ContentView.swift; sourceTree = "<group>"; };
		14A84BD42B28CD02006B3692 /* Assets.xcassets */ = {isa = PBXFileReference; lastKnownFileType = folder.assetcatalog; path = Assets.xcassets; sourceTree = "<group>"; };
		14A84BD72B28CD02006B3692 /* Preview Assets.xcassets */ = {isa = PBXFileReference; lastKnownFileType = folder.assetcatalog; path = "Preview Assets.xcassets"; sourceTree = "<group>"; };
		14A84BDD2B28CD02006B3692 /* myserviceAppV1Tests.xctest */ = {isa = PBXFileReference; explicitFileType = wrapper.cfbundle; includeInIndex = 0; path = myserviceAppV1Tests.xctest; sourceTree = BUILT_PRODUCTS_DIR; };
		14A84BE12B28CD02006B3692 /* myserviceAppV1Tests.swift */ = {isa = PBXFileReference; lastKnownFileType = sourcecode.swift; path = myserviceAppV1Tests.swift; sourceTree = "<group>"; };
		14A84BE72B28CD02006B3692 /* myserviceAppV1UITests.xctest */ = {isa = PBXFileReference; explicitFileType = wrapper.cfbundle; includeInIndex = 0; path = myserviceAppV1UITests.xctest; sourceTree = BUILT_PRODUCTS_DIR; };
		14A84BEB2B28CD02006B3692 /* myserviceAppV1UITests.swift */ = {isa = PBXFileReference; lastKnownFileType = sourcecode.swift; path = myserviceAppV1UITests.swift; sourceTree = "<group>"; };
		14A84BED2B28CD02006B3692 /* myserviceAppV1UITestsLaunchTests.swift */ = {isa = PBXFileReference; lastKnownFileType = sourcecode.swift; path = myserviceAppV1UITestsLaunchTests.swift; sourceTree = "<group>"; };
		14A84BFB2B28CE0B006B3692 /* HomeView.swift */ = {isa = PBXFileReference; lastKnownFileType = sourcecode.swift; path = HomeView.swift; sourceTree = "<group>"; };
		14A84BFD2B28D067006B3692 /* Custom_Tab_View.swift */ = {isa = PBXFileReference; lastKnownFileType = sourcecode.swift; path = Custom_Tab_View.swift; sourceTree = "<group>"; };
		14B149D22B2E4FF200EA6069 /* Info.plist */ = {isa = PBXFileReference; lastKnownFileType = text.plist; path = Info.plist; sourceTree = "<group>"; };
/* End PBXFileReference section */

/* Begin PBXFrameworksBuildPhase section */
		14A84BCA2B28CD00006B3692 /* Frameworks */ = {
			isa = PBXFrameworksBuildPhase;
			buildActionMask = 2147483647;
			files = (
				1426A3072B305F5C000F3300 /* StreamChatSwiftUI in Frameworks */,
			);
			runOnlyForDeploymentPostprocessing = 0;
		};
		14A84BDA2B28CD02006B3692 /* Frameworks */ = {
			isa = PBXFrameworksBuildPhase;
			buildActionMask = 2147483647;
			files = (
				1426A3092B32ED54000F3300 /* StreamChatSwiftUI in Frameworks */,
			);
			runOnlyForDeploymentPostprocessing = 0;
		};
		14A84BE42B28CD02006B3692 /* Frameworks */ = {
			isa = PBXFrameworksBuildPhase;
			buildActionMask = 2147483647;
			files = (
			);
			runOnlyForDeploymentPostprocessing = 0;
		};
/* End PBXFrameworksBuildPhase section */

/* Begin PBXGroup section */
		149F50732B28FEDF0034584A /* Profile_file */ = {
			isa = PBXGroup;
			children = (
				149F50742B28FEF60034584A /* ProfileView.swift */,
			);
			path = Profile_file;
			sourceTree = "<group>";
		};
		149F50762B29006D0034584A /* Content_View_File */ = {
			isa = PBXGroup;
			children = (
				14A84BD22B28CD00006B3692 /* ContentView.swift */,
				14A84BFD2B28D067006B3692 /* Custom_Tab_View.swift */,
			);
			path = Content_View_File;
			sourceTree = "<group>";
		};
		149F50772B29070A0034584A /* Myservices_file */ = {
			isa = PBXGroup;
			children = (
				149F50792B2907450034584A /* MyServicesView.swift */,
			);
			path = Myservices_file;
			sourceTree = "<group>";
		};
		149F50782B29070D0034584A /* Chat_file */ = {
			isa = PBXGroup;
			children = (
				149F507B2B2907510034584A /* ChatView.swift */,
			);
			path = Chat_file;
			sourceTree = "<group>";
		};
		14A84BC42B28CD00006B3692 = {
			isa = PBXGroup;
			children = (
				14A84BCF2B28CD00006B3692 /* myserviceAppV1 */,
				14A84BE02B28CD02006B3692 /* myserviceAppV1Tests */,
				14A84BEA2B28CD02006B3692 /* myserviceAppV1UITests */,
				14A84BCE2B28CD00006B3692 /* Products */,
			);
			sourceTree = "<group>";
		};
		14A84BCE2B28CD00006B3692 /* Products */ = {
			isa = PBXGroup;
			children = (
				14A84BCD2B28CD00006B3692 /* myserviceAppV1.app */,
				14A84BDD2B28CD02006B3692 /* myserviceAppV1Tests.xctest */,
				14A84BE72B28CD02006B3692 /* myserviceAppV1UITests.xctest */,
			);
			name = Products;
			sourceTree = "<group>";
		};
		14A84BCF2B28CD00006B3692 /* myserviceAppV1 */ = {
			isa = PBXGroup;
			children = (
				14B149D22B2E4FF200EA6069 /* Info.plist */,
				14A84BD02B28CD00006B3692 /* myserviceAppV1App.swift */,
				149F50762B29006D0034584A /* Content_View_File */,
				14A84BFA2B28CDF9006B3692 /* Home_file */,
				149F50782B29070D0034584A /* Chat_file */,
				149F50772B29070A0034584A /* Myservices_file */,
				149F50732B28FEDF0034584A /* Profile_file */,
				14A84BD42B28CD02006B3692 /* Assets.xcassets */,
				14A84BD62B28CD02006B3692 /* Preview Content */,
			);
			path = myserviceAppV1;
			sourceTree = "<group>";
		};
		14A84BD62B28CD02006B3692 /* Preview Content */ = {
			isa = PBXGroup;
			children = (
				14A84BD72B28CD02006B3692 /* Preview Assets.xcassets */,
			);
			path = "Preview Content";
			sourceTree = "<group>";
		};
		14A84BE02B28CD02006B3692 /* myserviceAppV1Tests */ = {
			isa = PBXGroup;
			children = (
				14A84BE12B28CD02006B3692 /* myserviceAppV1Tests.swift */,
			);
			path = myserviceAppV1Tests;
			sourceTree = "<group>";
		};
		14A84BEA2B28CD02006B3692 /* myserviceAppV1UITests */ = {
			isa = PBXGroup;
			children = (
				14A84BEB2B28CD02006B3692 /* myserviceAppV1UITests.swift */,
				14A84BED2B28CD02006B3692 /* myserviceAppV1UITestsLaunchTests.swift */,
			);
			path = myserviceAppV1UITests;
			sourceTree = "<group>";
		};
		14A84BFA2B28CDF9006B3692 /* Home_file */ = {
			isa = PBXGroup;
			children = (
				14A84BFB2B28CE0B006B3692 /* HomeView.swift */,
			);
			path = Home_file;
			sourceTree = "<group>";
		};
/* End PBXGroup section */

/* Begin PBXNativeTarget section */
		14A84BCC2B28CD00006B3692 /* myserviceAppV1 */ = {
			isa = PBXNativeTarget;
			buildConfigurationList = 14A84BF12B28CD02006B3692 /* Build configuration list for PBXNativeTarget "myserviceAppV1" */;
			buildPhases = (
				14A84BC92B28CD00006B3692 /* Sources */,
				14A84BCA2B28CD00006B3692 /* Frameworks */,
				14A84BCB2B28CD00006B3692 /* Resources */,
			);
			buildRules = (
			);
			dependencies = (
			);
			name = myserviceAppV1;
			packageProductDependencies = (
				1426A3062B305F5C000F3300 /* StreamChatSwiftUI */,
			);
			productName = myserviceAppV1;
			productReference = 14A84BCD2B28CD00006B3692 /* myserviceAppV1.app */;
			productType = "com.apple.product-type.application";
		};
		14A84BDC2B28CD02006B3692 /* myserviceAppV1Tests */ = {
			isa = PBXNativeTarget;
			buildConfigurationList = 14A84BF42B28CD02006B3692 /* Build configuration list for PBXNativeTarget "myserviceAppV1Tests" */;
			buildPhases = (
				14A84BD92B28CD02006B3692 /* Sources */,
				14A84BDA2B28CD02006B3692 /* Frameworks */,
				14A84BDB2B28CD02006B3692 /* Resources */,
			);
			buildRules = (
			);
			dependencies = (
				14A84BDF2B28CD02006B3692 /* PBXTargetDependency */,
			);
			name = myserviceAppV1Tests;
			packageProductDependencies = (
				1426A3082B32ED54000F3300 /* StreamChatSwiftUI */,
			);
			productName = myserviceAppV1Tests;
			productReference = 14A84BDD2B28CD02006B3692 /* myserviceAppV1Tests.xctest */;
			productType = "com.apple.product-type.bundle.unit-test";
		};
		14A84BE62B28CD02006B3692 /* myserviceAppV1UITests */ = {
			isa = PBXNativeTarget;
			buildConfigurationList = 14A84BF72B28CD02006B3692 /* Build configuration list for PBXNativeTarget "myserviceAppV1UITests" */;
			buildPhases = (
				14A84BE32B28CD02006B3692 /* Sources */,
				14A84BE42B28CD02006B3692 /* Frameworks */,
				14A84BE52B28CD02006B3692 /* Resources */,
			);
			buildRules = (
			);
			dependencies = (
				14A84BE92B28CD02006B3692 /* PBXTargetDependency */,
			);
			name = myserviceAppV1UITests;
			productName = myserviceAppV1UITests;
			productReference = 14A84BE72B28CD02006B3692 /* myserviceAppV1UITests.xctest */;
			productType = "com.apple.product-type.bundle.ui-testing";
		};
/* End PBXNativeTarget section */

/* Begin PBXProject section */
		14A84BC52B28CD00006B3692 /* Project object */ = {
			isa = PBXProject;
			attributes = {
				BuildIndependentTargetsInParallel = 1;
				LastSwiftUpdateCheck = 1500;
				LastUpgradeCheck = 1500;
				TargetAttributes = {
					14A84BCC2B28CD00006B3692 = {
						CreatedOnToolsVersion = 15.0.1;
					};
					14A84BDC2B28CD02006B3692 = {
						CreatedOnToolsVersion = 15.0.1;
						TestTargetID = 14A84BCC2B28CD00006B3692;
					};
					14A84BE62B28CD02006B3692 = {
						CreatedOnToolsVersion = 15.0.1;
						TestTargetID = 14A84BCC2B28CD00006B3692;
					};
				};
			};
			buildConfigurationList = 14A84BC82B28CD00006B3692 /* Build configuration list for PBXProject "myserviceAppV1" */;
			compatibilityVersion = "Xcode 14.0";
			developmentRegion = en;
			hasScannedForEncodings = 0;
			knownRegions = (
				en,
				Base,
			);
			mainGroup = 14A84BC42B28CD00006B3692;
			packageReferences = (
				1426A3052B305F5C000F3300 /* XCRemoteSwiftPackageReference "stream-chat-swiftui" */,
			);
			productRefGroup = 14A84BCE2B28CD00006B3692 /* Products */;
			projectDirPath = "";
			projectRoot = "";
			targets = (
				14A84BCC2B28CD00006B3692 /* myserviceAppV1 */,
				14A84BDC2B28CD02006B3692 /* myserviceAppV1Tests */,
				14A84BE62B28CD02006B3692 /* myserviceAppV1UITests */,
			);
		};
/* End PBXProject section */

/* Begin PBXResourcesBuildPhase section */
		14A84BCB2B28CD00006B3692 /* Resources */ = {
			isa = PBXResourcesBuildPhase;
			buildActionMask = 2147483647;
			files = (
				14A84BD82B28CD02006B3692 /* Preview Assets.xcassets in Resources */,
				14A84BD52B28CD02006B3692 /* Assets.xcassets in Resources */,
			);
			runOnlyForDeploymentPostprocessing = 0;
		};
		14A84BDB2B28CD02006B3692 /* Resources */ = {
			isa = PBXResourcesBuildPhase;
			buildActionMask = 2147483647;
			files = (
			);
			runOnlyForDeploymentPostprocessing = 0;
		};
		14A84BE52B28CD02006B3692 /* Resources */ = {
			isa = PBXResourcesBuildPhase;
			buildActionMask = 2147483647;
			files = (
			);
			runOnlyForDeploymentPostprocessing = 0;
		};
/* End PBXResourcesBuildPhase section */

/* Begin PBXSourcesBuildPhase section */
		14A84BC92B28CD00006B3692 /* Sources */ = {
			isa = PBXSourcesBuildPhase;
			buildActionMask = 2147483647;
			files = (
				14A84BFC2B28CE0B006B3692 /* HomeView.swift in Sources */,
				14A84BD32B28CD00006B3692 /* ContentView.swift in Sources */,
				149F507A2B2907450034584A /* MyServicesView.swift in Sources */,
				149F50752B28FEF60034584A /* ProfileView.swift in Sources */,
				149F507C2B2907510034584A /* ChatView.swift in Sources */,
				14A84BD12B28CD00006B3692 /* myserviceAppV1App.swift in Sources */,
				14A84BFE2B28D067006B3692 /* Custom_Tab_View.swift in Sources */,
			);
			runOnlyForDeploymentPostprocessing = 0;
		};
		14A84BD92B28CD02006B3692 /* Sources */ = {
			isa = PBXSourcesBuildPhase;
			buildActionMask = 2147483647;
			files = (
				14A84BE22B28CD02006B3692 /* myserviceAppV1Tests.swift in Sources */,
			);
			runOnlyForDeploymentPostprocessing = 0;
		};
		14A84BE32B28CD02006B3692 /* Sources */ = {
			isa = PBXSourcesBuildPhase;
			buildActionMask = 2147483647;
			files = (
				14A84BEC2B28CD02006B3692 /* myserviceAppV1UITests.swift in Sources */,
				14A84BEE2B28CD02006B3692 /* myserviceAppV1UITestsLaunchTests.swift in Sources */,
			);
			runOnlyForDeploymentPostprocessing = 0;
		};
/* End PBXSourcesBuildPhase section */

/* Begin PBXTargetDependency section */
		14A84BDF2B28CD02006B3692 /* PBXTargetDependency */ = {
			isa = PBXTargetDependency;
			target = 14A84BCC2B28CD00006B3692 /* myserviceAppV1 */;
			targetProxy = 14A84BDE2B28CD02006B3692 /* PBXContainerItemProxy */;
		};
		14A84BE92B28CD02006B3692 /* PBXTargetDependency */ = {
			isa = PBXTargetDependency;
			target = 14A84BCC2B28CD00006B3692 /* myserviceAppV1 */;
			targetProxy = 14A84BE82B28CD02006B3692 /* PBXContainerItemProxy */;
		};
/* End PBXTargetDependency section */

/* Begin XCBuildConfiguration section */
		14A84BEF2B28CD02006B3692 /* Debug */ = {
			isa = XCBuildConfiguration;
			buildSettings = {
				ALWAYS_SEARCH_USER_PATHS = NO;
				ASSETCATALOG_COMPILER_GENERATE_SWIFT_ASSET_SYMBOL_EXTENSIONS = YES;
				CLANG_ANALYZER_NONNULL = YES;
				CLANG_ANALYZER_NUMBER_OBJECT_CONVERSION = YES_AGGRESSIVE;
				CLANG_CXX_LANGUAGE_STANDARD = "gnu++20";
				CLANG_ENABLE_MODULES = YES;
				CLANG_ENABLE_OBJC_ARC = YES;
				CLANG_ENABLE_OBJC_WEAK = YES;
				CLANG_WARN_BLOCK_CAPTURE_AUTORELEASING = YES;
				CLANG_WARN_BOOL_CONVERSION = YES;
				CLANG_WARN_COMMA = YES;
				CLANG_WARN_CONSTANT_CONVERSION = YES;
				CLANG_WARN_DEPRECATED_OBJC_IMPLEMENTATIONS = YES;
				CLANG_WARN_DIRECT_OBJC_ISA_USAGE = YES_ERROR;
				CLANG_WARN_DOCUMENTATION_COMMENTS = YES;
				CLANG_WARN_EMPTY_BODY = YES;
				CLANG_WARN_ENUM_CONVERSION = YES;
				CLANG_WARN_INFINITE_RECURSION = YES;
				CLANG_WARN_INT_CONVERSION = YES;
				CLANG_WARN_NON_LITERAL_NULL_CONVERSION = YES;
				CLANG_WARN_OBJC_IMPLICIT_RETAIN_SELF = YES;
				CLANG_WARN_OBJC_LITERAL_CONVERSION = YES;
				CLANG_WARN_OBJC_ROOT_CLASS = YES_ERROR;
				CLANG_WARN_QUOTED_INCLUDE_IN_FRAMEWORK_HEADER = YES;
				CLANG_WARN_RANGE_LOOP_ANALYSIS = YES;
				CLANG_WARN_STRICT_PROTOTYPES = YES;
				CLANG_WARN_SUSPICIOUS_MOVE = YES;
				CLANG_WARN_UNGUARDED_AVAILABILITY = YES_AGGRESSIVE;
				CLANG_WARN_UNREACHABLE_CODE = YES;
				CLANG_WARN__DUPLICATE_METHOD_MATCH = YES;
				COPY_PHASE_STRIP = NO;
				DEBUG_INFORMATION_FORMAT = dwarf;
				ENABLE_STRICT_OBJC_MSGSEND = YES;
				ENABLE_TESTABILITY = YES;
				ENABLE_USER_SCRIPT_SANDBOXING = YES;
				GCC_C_LANGUAGE_STANDARD = gnu17;
				GCC_DYNAMIC_NO_PIC = NO;
				GCC_NO_COMMON_BLOCKS = YES;
				GCC_OPTIMIZATION_LEVEL = 0;
				GCC_PREPROCESSOR_DEFINITIONS = (
					"DEBUG=1",
					"$(inherited)",
				);
				GCC_WARN_64_TO_32_BIT_CONVERSION = YES;
				GCC_WARN_ABOUT_RETURN_TYPE = YES_ERROR;
				GCC_WARN_UNDECLARED_SELECTOR = YES;
				GCC_WARN_UNINITIALIZED_AUTOS = YES_AGGRESSIVE;
				GCC_WARN_UNUSED_FUNCTION = YES;
				GCC_WARN_UNUSED_VARIABLE = YES;
				IPHONEOS_DEPLOYMENT_TARGET = 17.0;
				LOCALIZATION_PREFERS_STRING_CATALOGS = YES;
				MTL_ENABLE_DEBUG_INFO = INCLUDE_SOURCE;
				MTL_FAST_MATH = YES;
				ONLY_ACTIVE_ARCH = YES;
				SDKROOT = iphoneos;
				SWIFT_ACTIVE_COMPILATION_CONDITIONS = "DEBUG $(inherited)";
				SWIFT_OPTIMIZATION_LEVEL = "-Onone";
			};
			name = Debug;
		};
		14A84BF02B28CD02006B3692 /* Release */ = {
			isa = XCBuildConfiguration;
			buildSettings = {
				ALWAYS_SEARCH_USER_PATHS = NO;
				ASSETCATALOG_COMPILER_GENERATE_SWIFT_ASSET_SYMBOL_EXTENSIONS = YES;
				CLANG_ANALYZER_NONNULL = YES;
				CLANG_ANALYZER_NUMBER_OBJECT_CONVERSION = YES_AGGRESSIVE;
				CLANG_CXX_LANGUAGE_STANDARD = "gnu++20";
				CLANG_ENABLE_MODULES = YES;
				CLANG_ENABLE_OBJC_ARC = YES;
				CLANG_ENABLE_OBJC_WEAK = YES;
				CLANG_WARN_BLOCK_CAPTURE_AUTORELEASING = YES;
				CLANG_WARN_BOOL_CONVERSION = YES;
				CLANG_WARN_COMMA = YES;
				CLANG_WARN_CONSTANT_CONVERSION = YES;
				CLANG_WARN_DEPRECATED_OBJC_IMPLEMENTATIONS = YES;
				CLANG_WARN_DIRECT_OBJC_ISA_USAGE = YES_ERROR;
				CLANG_WARN_DOCUMENTATION_COMMENTS = YES;
				CLANG_WARN_EMPTY_BODY = YES;
				CLANG_WARN_ENUM_CONVERSION = YES;
				CLANG_WARN_INFINITE_RECURSION = YES;
				CLANG_WARN_INT_CONVERSION = YES;
				CLANG_WARN_NON_LITERAL_NULL_CONVERSION = YES;
				CLANG_WARN_OBJC_IMPLICIT_RETAIN_SELF = YES;
				CLANG_WARN_OBJC_LITERAL_CONVERSION = YES;
				CLANG_WARN_OBJC_ROOT_CLASS = YES_ERROR;
				CLANG_WARN_QUOTED_INCLUDE_IN_FRAMEWORK_HEADER = YES;
				CLANG_WARN_RANGE_LOOP_ANALYSIS = YES;
				CLANG_WARN_STRICT_PROTOTYPES = YES;
				CLANG_WARN_SUSPICIOUS_MOVE = YES;
				CLANG_WARN_UNGUARDED_AVAILABILITY = YES_AGGRESSIVE;
				CLANG_WARN_UNREACHABLE_CODE = YES;
				CLANG_WARN__DUPLICATE_METHOD_MATCH = YES;
				COPY_PHASE_STRIP = NO;
				DEBUG_INFORMATION_FORMAT = "dwarf-with-dsym";
				ENABLE_NS_ASSERTIONS = NO;
				ENABLE_STRICT_OBJC_MSGSEND = YES;
				ENABLE_USER_SCRIPT_SANDBOXING = YES;
				GCC_C_LANGUAGE_STANDARD = gnu17;
				GCC_NO_COMMON_BLOCKS = YES;
				GCC_WARN_64_TO_32_BIT_CONVERSION = YES;
				GCC_WARN_ABOUT_RETURN_TYPE = YES_ERROR;
				GCC_WARN_UNDECLARED_SELECTOR = YES;
				GCC_WARN_UNINITIALIZED_AUTOS = YES_AGGRESSIVE;
				GCC_WARN_UNUSED_FUNCTION = YES;
				GCC_WARN_UNUSED_VARIABLE = YES;
				IPHONEOS_DEPLOYMENT_TARGET = 17.0;
				LOCALIZATION_PREFERS_STRING_CATALOGS = YES;
				MTL_ENABLE_DEBUG_INFO = NO;
				MTL_FAST_MATH = YES;
				SDKROOT = iphoneos;
				SWIFT_COMPILATION_MODE = wholemodule;
				VALIDATE_PRODUCT = YES;
			};
			name = Release;
		};
		14A84BF22B28CD02006B3692 /* Debug */ = {
			isa = XCBuildConfiguration;
			buildSettings = {
				ASSETCATALOG_COMPILER_APPICON_NAME = AppIcon;
				ASSETCATALOG_COMPILER_GLOBAL_ACCENT_COLOR_NAME = AccentColor;
				CODE_SIGN_STYLE = Automatic;
				CURRENT_PROJECT_VERSION = 1;
				DEVELOPMENT_ASSET_PATHS = "\"myserviceAppV1/Preview Content\"";
				DEVELOPMENT_TEAM = XBAWDLTPVB;
				ENABLE_PREVIEWS = YES;
				GENERATE_INFOPLIST_FILE = YES;
				INFOPLIST_FILE = myserviceAppV1/Info.plist;
				INFOPLIST_KEY_NSCameraUsageDescription = "";
				INFOPLIST_KEY_NSLocationAlwaysAndWhenInUseUsageDescription = "";
				INFOPLIST_KEY_NSLocationWhenInUseUsageDescription = "";
				INFOPLIST_KEY_NSPhotoLibraryUsageDescription = "";
				INFOPLIST_KEY_UIApplicationSceneManifest_Generation = YES;
				INFOPLIST_KEY_UIApplicationSupportsIndirectInputEvents = YES;
				INFOPLIST_KEY_UILaunchScreen_Generation = YES;
				INFOPLIST_KEY_UISupportedInterfaceOrientations_iPad = "UIInterfaceOrientationPortrait UIInterfaceOrientationPortraitUpsideDown UIInterfaceOrientationLandscapeLeft UIInterfaceOrientationLandscapeRight";
				INFOPLIST_KEY_UISupportedInterfaceOrientations_iPhone = "UIInterfaceOrientationPortrait UIInterfaceOrientationLandscapeLeft UIInterfaceOrientationLandscapeRight";
				LD_RUNPATH_SEARCH_PATHS = (
					"$(inherited)",
					"@executable_path/Frameworks",
				);
				MARKETING_VERSION = 1.0;
				PRODUCT_BUNDLE_IDENTIFIER = "hiarina-gautier.myserviceAppV1";
				PRODUCT_NAME = "$(TARGET_NAME)";
				SWIFT_EMIT_LOC_STRINGS = YES;
				SWIFT_VERSION = 5.0;
				TARGETED_DEVICE_FAMILY = "1,2";
			};
			name = Debug;
		};
		14A84BF32B28CD02006B3692 /* Release */ = {
			isa = XCBuildConfiguration;
			buildSettings = {
				ASSETCATALOG_COMPILER_APPICON_NAME = AppIcon;
				ASSETCATALOG_COMPILER_GLOBAL_ACCENT_COLOR_NAME = AccentColor;
				CODE_SIGN_STYLE = Automatic;
				CURRENT_PROJECT_VERSION = 1;
				DEVELOPMENT_ASSET_PATHS = "\"myserviceAppV1/Preview Content\"";
				DEVELOPMENT_TEAM = XBAWDLTPVB;
				ENABLE_PREVIEWS = YES;
				GENERATE_INFOPLIST_FILE = YES;
				INFOPLIST_FILE = myserviceAppV1/Info.plist;
				INFOPLIST_KEY_NSCameraUsageDescription = "";
				INFOPLIST_KEY_NSLocationAlwaysAndWhenInUseUsageDescription = "";
				INFOPLIST_KEY_NSLocationWhenInUseUsageDescription = "";
				INFOPLIST_KEY_NSPhotoLibraryUsageDescription = "";
				INFOPLIST_KEY_UIApplicationSceneManifest_Generation = YES;
				INFOPLIST_KEY_UIApplicationSupportsIndirectInputEvents = YES;
				INFOPLIST_KEY_UILaunchScreen_Generation = YES;
				INFOPLIST_KEY_UISupportedInterfaceOrientations_iPad = "UIInterfaceOrientationPortrait UIInterfaceOrientationPortraitUpsideDown UIInterfaceOrientationLandscapeLeft UIInterfaceOrientationLandscapeRight";
				INFOPLIST_KEY_UISupportedInterfaceOrientations_iPhone = "UIInterfaceOrientationPortrait UIInterfaceOrientationLandscapeLeft UIInterfaceOrientationLandscapeRight";
				LD_RUNPATH_SEARCH_PATHS = (
					"$(inherited)",
					"@executable_path/Frameworks",
				);
				MARKETING_VERSION = 1.0;
				PRODUCT_BUNDLE_IDENTIFIER = "hiarina-gautier.myserviceAppV1";
				PRODUCT_NAME = "$(TARGET_NAME)";
				SWIFT_EMIT_LOC_STRINGS = YES;
				SWIFT_VERSION = 5.0;
				TARGETED_DEVICE_FAMILY = "1,2";
			};
			name = Release;
		};
		14A84BF52B28CD02006B3692 /* Debug */ = {
			isa = XCBuildConfiguration;
			buildSettings = {
				ALWAYS_EMBED_SWIFT_STANDARD_LIBRARIES = YES;
				BUNDLE_LOADER = "$(TEST_HOST)";
				CODE_SIGN_STYLE = Automatic;
				CURRENT_PROJECT_VERSION = 1;
				DEVELOPMENT_TEAM = XBAWDLTPVB;
				GENERATE_INFOPLIST_FILE = YES;
				IPHONEOS_DEPLOYMENT_TARGET = 17.0;
				MARKETING_VERSION = 1.0;
				PRODUCT_BUNDLE_IDENTIFIER = "hiarina-gautier.myserviceAppV1Tests";
				PRODUCT_NAME = "$(TARGET_NAME)";
				SWIFT_EMIT_LOC_STRINGS = NO;
				SWIFT_VERSION = 5.0;
				TARGETED_DEVICE_FAMILY = "1,2";
				TEST_HOST = "$(BUILT_PRODUCTS_DIR)/myserviceAppV1.app/$(BUNDLE_EXECUTABLE_FOLDER_PATH)/myserviceAppV1";
			};
			name = Debug;
		};
		14A84BF62B28CD02006B3692 /* Release */ = {
			isa = XCBuildConfiguration;
			buildSettings = {
				ALWAYS_EMBED_SWIFT_STANDARD_LIBRARIES = YES;
				BUNDLE_LOADER = "$(TEST_HOST)";
				CODE_SIGN_STYLE = Automatic;
				CURRENT_PROJECT_VERSION = 1;
				DEVELOPMENT_TEAM = XBAWDLTPVB;
				GENERATE_INFOPLIST_FILE = YES;
				IPHONEOS_DEPLOYMENT_TARGET = 17.0;
				MARKETING_VERSION = 1.0;
				PRODUCT_BUNDLE_IDENTIFIER = "hiarina-gautier.myserviceAppV1Tests";
				PRODUCT_NAME = "$(TARGET_NAME)";
				SWIFT_EMIT_LOC_STRINGS = NO;
				SWIFT_VERSION = 5.0;
				TARGETED_DEVICE_FAMILY = "1,2";
				TEST_HOST = "$(BUILT_PRODUCTS_DIR)/myserviceAppV1.app/$(BUNDLE_EXECUTABLE_FOLDER_PATH)/myserviceAppV1";
			};
			name = Release;
		};
		14A84BF82B28CD02006B3692 /* Debug */ = {
			isa = XCBuildConfiguration;
			buildSettings = {
				ALWAYS_EMBED_SWIFT_STANDARD_LIBRARIES = YES;
				CODE_SIGN_STYLE = Automatic;
				CURRENT_PROJECT_VERSION = 1;
				DEVELOPMENT_TEAM = XBAWDLTPVB;
				GENERATE_INFOPLIST_FILE = YES;
				MARKETING_VERSION = 1.0;
				PRODUCT_BUNDLE_IDENTIFIER = "hiarina-gautier.myserviceAppV1UITests";
				PRODUCT_NAME = "$(TARGET_NAME)";
				SWIFT_EMIT_LOC_STRINGS = NO;
				SWIFT_VERSION = 5.0;
				TARGETED_DEVICE_FAMILY = "1,2";
				TEST_TARGET_NAME = myserviceAppV1;
			};
			name = Debug;
		};
		14A84BF92B28CD02006B3692 /* Release */ = {
			isa = XCBuildConfiguration;
			buildSettings = {
				ALWAYS_EMBED_SWIFT_STANDARD_LIBRARIES = YES;
				CODE_SIGN_STYLE = Automatic;
				CURRENT_PROJECT_VERSION = 1;
				DEVELOPMENT_TEAM = XBAWDLTPVB;
				GENERATE_INFOPLIST_FILE = YES;
				MARKETING_VERSION = 1.0;
				PRODUCT_BUNDLE_IDENTIFIER = "hiarina-gautier.myserviceAppV1UITests";
				PRODUCT_NAME = "$(TARGET_NAME)";
				SWIFT_EMIT_LOC_STRINGS = NO;
				SWIFT_VERSION = 5.0;
				TARGETED_DEVICE_FAMILY = "1,2";
				TEST_TARGET_NAME = myserviceAppV1;
			};
			name = Release;
		};
/* End XCBuildConfiguration section */

/* Begin XCConfigurationList section */
		14A84BC82B28CD00006B3692 /* Build configuration list for PBXProject "myserviceAppV1" */ = {
			isa = XCConfigurationList;
			buildConfigurations = (
				14A84BEF2B28CD02006B3692 /* Debug */,
				14A84BF02B28CD02006B3692 /* Release */,
			);
			defaultConfigurationIsVisible = 0;
			defaultConfigurationName = Release;
		};
		14A84BF12B28CD02006B3692 /* Build configuration list for PBXNativeTarget "myserviceAppV1" */ = {
			isa = XCConfigurationList;
			buildConfigurations = (
				14A84BF22B28CD02006B3692 /* Debug */,
				14A84BF32B28CD02006B3692 /* Release */,
			);
			defaultConfigurationIsVisible = 0;
			defaultConfigurationName = Release;
		};
		14A84BF42B28CD02006B3692 /* Build configuration list for PBXNativeTarget "myserviceAppV1Tests" */ = {
			isa = XCConfigurationList;
			buildConfigurations = (
				14A84BF52B28CD02006B3692 /* Debug */,
				14A84BF62B28CD02006B3692 /* Release */,
			);
			defaultConfigurationIsVisible = 0;
			defaultConfigurationName = Release;
		};
		14A84BF72B28CD02006B3692 /* Build configuration list for PBXNativeTarget "myserviceAppV1UITests" */ = {
			isa = XCConfigurationList;
			buildConfigurations = (
				14A84BF82B28CD02006B3692 /* Debug */,
				14A84BF92B28CD02006B3692 /* Release */,
			);
			defaultConfigurationIsVisible = 0;
			defaultConfigurationName = Release;
		};
/* End XCConfigurationList section */

/* Begin XCRemoteSwiftPackageReference section */
		1426A3052B305F5C000F3300 /* XCRemoteSwiftPackageReference "stream-chat-swiftui" */ = {
			isa = XCRemoteSwiftPackageReference;
			repositoryURL = "https://github.com/getstream/stream-chat-swiftui";
			requirement = {
				kind = upToNextMajorVersion;
				minimumVersion = 4.45.0;
			};
		};
/* End XCRemoteSwiftPackageReference section */

/* Begin XCSwiftPackageProductDependency section */
		1426A3062B305F5C000F3300 /* StreamChatSwiftUI */ = {
			isa = XCSwiftPackageProductDependency;
			package = 1426A3052B305F5C000F3300 /* XCRemoteSwiftPackageReference "stream-chat-swiftui" */;
			productName = StreamChatSwiftUI;
		};
		1426A3082B32ED54000F3300 /* StreamChatSwiftUI */ = {
			isa = XCSwiftPackageProductDependency;
			package = 1426A3052B305F5C000F3300 /* XCRemoteSwiftPackageReference "stream-chat-swiftui" */;
			productName = StreamChatSwiftUI;
		};
/* End XCSwiftPackageProductDependency section */
	};
	rootObject = 14A84BC52B28CD00006B3692 /* Project object */;
}
